
Microsoft Visual Studio Solution File, Format Version 12.00
# Visual Studio Version 17
VisualStudioVersion = 17.0.32014.148
MinimumVisualStudioVersion = 10.0.40219.1
Project("{FAE04EC0-301F-11D3-BF4B-00C04F79EFBC}") = "offside-checker", "offside-checker.csproj", "{AFD41946-494D-4990-90C7-BABB37F60402}"
EndProject
Global
	GlobalSection(SolutionConfigurationPlatforms) = preSolution
		Debug|Any CPU = Debug|Any CPU
		Release|Any CPU = Release|Any CPU
	EndGlobalSection
	GlobalSection(ProjectConfigurationPlatforms) = postSolution
		{AFD41946-494D-4990-90C7-BABB37F60402}.Debug|Any CPU.ActiveCfg = Debug|Any CPU
		{AFD41946-494D-4990-90C7-BABB37F60402}.Debug|Any CPU.Build.0 = Debug|Any CPU
		{AFD41946-494D-4990-90C7-BABB37F60402}.Release|Any CPU.ActiveCfg = Release|Any CPU
		{AFD41946-494D-4990-90C7-BABB37F60402}.Release|Any CPU.Build.0 = Release|Any CPU
	EndGlobalSection
	GlobalSection(SolutionProperties) = preSolution
		HideSolutionNode = FALSE
	EndGlobalSection
	GlobalSection(ExtensibilityGlobals) = postSolution
		SolutionGuid = {21ED2521-98CE-4C73-8A69-A04F9FC6DF02}
	EndGlobalSection
EndGlobal
